
Microsoft Visual Studio Solution File, Format Version 12.00
# Visual Studio Version 17
VisualStudioVersion = 17.9.34622.214
MinimumVisualStudioVersion = 10.0.40219.1
Project("{9A19103F-16F7-4668-BE54-9A1E7A4F7556}") = "SOLID_101", "src\SOLID_101\SOLID_101.csproj", "{BCDC5684-5F1F-43A1-815A-EA9C2CCDF794}"
EndProject
Project("{9A19103F-16F7-4668-BE54-9A1E7A4F7556}") = "SOLID_101.Tests", "src\SOLID_101.Tests\SOLID_101.Tests.csproj", "{09B3AAEC-E268-4DE9-963D-E66C1A9D6CF8}"
EndProject
Global
	GlobalSection(SolutionConfigurationPlatforms) = preSolution
		Debug|Any CPU = Debug|Any CPU
		Release|Any CPU = Release|Any CPU
	EndGlobalSection
	GlobalSection(ProjectConfigurationPlatforms) = postSolution
		{BCDC5684-5F1F-43A1-815A-EA9C2CCDF794}.Debug|Any CPU.ActiveCfg = Debug|Any CPU
		{BCDC5684-5F1F-43A1-815A-EA9C2CCDF794}.Debug|Any CPU.Build.0 = Debug|Any CPU
		{BCDC5684-5F1F-43A1-815A-EA9C2CCDF794}.Release|Any CPU.ActiveCfg = Release|Any CPU
		{BCDC5684-5F1F-43A1-815A-EA9C2CCDF794}.Release|Any CPU.Build.0 = Release|Any CPU
		{09B3AAEC-E268-4DE9-963D-E66C1A9D6CF8}.Debug|Any CPU.ActiveCfg = Debug|Any CPU
		{09B3AAEC-E268-4DE9-963D-E66C1A9D6CF8}.Debug|Any CPU.Build.0 = Debug|Any CPU
		{09B3AAEC-E268-4DE9-963D-E66C1A9D6CF8}.Release|Any CPU.ActiveCfg = Release|Any CPU
		{09B3AAEC-E268-4DE9-963D-E66C1A9D6CF8}.Release|Any CPU.Build.0 = Release|Any CPU
	EndGlobalSection
	GlobalSection(SolutionProperties) = preSolution
		HideSolutionNode = FALSE
	EndGlobalSection
	GlobalSection(ExtensibilityGlobals) = postSolution
		SolutionGuid = {7D9ADA75-417F-4FCF-AA74-38E90EF6AD18}
	EndGlobalSection
EndGlobal
